<?xml version="1.0" encoding="utf-8"?>
<Project ToolsVersion="4.0" xmlns="http://schemas.microsoft.com/developer/msbuild/2003">
  <ItemGroup>
    <Filter Include="Source Files">
      <UniqueIdentifier>{4FC737F1-C7A5-4376-A066-2A32D752A2FF}</UniqueIdentifier>
      <Extensions>cpp;c;cc;cxx;def;odl;idl;hpj;bat;asm;asmx</Extensions>
    </Filter>
    <Filter Include="Header Files">
      <UniqueIdentifier>{93995380-89BD-4b04-88EB-625FBE52EBFB}</UniqueIdentifier>
      <Extensions>h;hh;hpp;hxx;hm;inl;inc;xsd</Extensions>
    </Filter>
    <Filter Include="Resource Files">
      <UniqueIdentifier>{67DA6AB6-F800-4c08-8B7A-83BB121AAD01}</UniqueIdentifier>
      <Extensions>rc;ico;cur;bmp;dlg;rc2;rct;bin;rgs;gif;jpg;jpeg;jpe;resx;tiff;tif;png;wav;mfcribbon-ms</Extensions>
    </Filter>
    <Filter Include="Header Files\Stage/Items">
      <UniqueIdentifier>{f5c05308-3637-4a35-8d77-067ce5d549c8}</UniqueIdentifier>
    </Filter>
    <Filter Include="Header Files\Entities">
      <UniqueIdentifier>{c77fc010-4f21-497e-ab08-8911af941723}</UniqueIdentifier>
    </Filter>
    <Filter Include="Header Files\Tools">
      <UniqueIdentifier>{1a078f59-ff27-4a6b-8fb2-19215410c771}</UniqueIdentifier>
    </Filter>
    <Filter Include="Source Files\Entities">
      <UniqueIdentifier>{0aaaeb67-cb94-40c6-846c-7ca086bbc59f}</UniqueIdentifier>
    </Filter>
    <Filter Include="Source Files\Stage/Items">
      <UniqueIdentifier>{85b0a984-a313-4ef9-83e3-e0031779dd55}</UniqueIdentifier>
    </Filter>
    <Filter Include="Source Files\Tools">
      <UniqueIdentifier>{05fc0f07-4adc-4f85-8df7-fc518e909674}</UniqueIdentifier>
    </Filter>
    <Filter Include="Header Files\State_Machine">
      <UniqueIdentifier>{304f9bba-d94b-4a44-b9bb-d86587fdb44c}</UniqueIdentifier>
    </Filter>
    <Filter Include="Source Files\State_Machine">
      <UniqueIdentifier>{d2b85ee5-dd33-4d6f-8b9e-c8803fe3ee15}</UniqueIdentifier>
    </Filter>
  </ItemGroup>
  <ItemGroup>
    <ClCompile Include="main.cpp">
      <Filter>Source Files</Filter>
    </ClCompile>
    <ClCompile Include="Bullets.cpp">
      <Filter>Source Files\Entities</Filter>
    </ClCompile>
    <ClCompile Include="Enemy.cpp">
      <Filter>Source Files\Entities</Filter>
    </ClCompile>
    <ClCompile Include="Player.cpp">
      <Filter>Source Files\Entities</Filter>
    </ClCompile>
    <ClCompile Include="Bounce.cpp">
      <Filter>Source Files\Stage/Items</Filter>
    </ClCompile>
    <ClCompile Include="Coin.cpp">
      <Filter>Source Files\Stage/Items</Filter>
    </ClCompile>
    <ClCompile Include="Ground.cpp">
      <Filter>Source Files\Stage/Items</Filter>
    </ClCompile>
    <ClCompile Include="Text.cpp">
      <Filter>Source Files\Stage/Items</Filter>
    </ClCompile>
    <ClCompile Include="FlareMap.cpp">
      <Filter>Source Files\Tools</Filter>
    </ClCompile>
    <ClCompile Include="Matrix.cpp">
      <Filter>Source Files\Tools</Filter>
    </ClCompile>
    <ClCompile Include="SatCollision.cpp">
      <Filter>Source Files\Tools</Filter>
    </ClCompile>
    <ClCompile Include="ShaderProgram.cpp">
      <Filter>Source Files\Tools</Filter>
    </ClCompile>
    <ClCompile Include="SheetSprite.cpp">
      <Filter>Source Files\Tools</Filter>
    </ClCompile>
    <ClCompile Include="Vector3.cpp">
      <Filter>Source Files\Tools</Filter>
    </ClCompile>
    <ClCompile Include="Background.cpp">
      <Filter>Source Files\Stage/Items</Filter>
    </ClCompile>
    <ClCompile Include="GameMode.cpp">
      <Filter>Source Files\State_Machine</Filter>
    </ClCompile>
    <ClCompile Include="LevelOne.cpp">
      <Filter>Source Files\State_Machine</Filter>
    </ClCompile>
    <ClCompile Include="GameState.cpp">
      <Filter>Source Files\State_Machine</Filter>
    </ClCompile>
    <ClCompile Include="TitleScreen.cpp">
      <Filter>Source Files\State_Machine</Filter>
    </ClCompile>
    <ClCompile Include="PerlinNoise.cpp">
      <Filter>Source Files\Tools</Filter>
    </ClCompile>
    <ClCompile Include="Particle.cpp">
      <Filter>Source Files\Stage/Items</Filter>
    </ClCompile>
    <ClCompile Include="ParticleEmitter.cpp">
      <Filter>Source Files\Stage/Items</Filter>
    </ClCompile>
    <ClCompile Include="Game_Over.cpp">
      <Filter>Source Files\State_Machine</Filter>
    </ClCompile>
    <ClCompile Include="LevelTwo.cpp">
      <Filter>Source Files\State_Machine</Filter>
    </ClCompile>
    <ClCompile Include="key.cpp">
      <Filter>Source Files\Stage/Items</Filter>
    </ClCompile>
    <ClCompile Include="Door.cpp">
      <Filter>Source Files\Stage/Items</Filter>
    </ClCompile>
    <ClCompile Include="LevelThree.cpp">
      <Filter>Source Files\State_Machine</Filter>
    </ClCompile>
    <ClCompile Include="Boss.cpp">
      <Filter>Source Files\Entities</Filter>
    </ClCompile>
    <ClCompile Include="BigBullet.h">
      <Filter>Header Files\Entities</Filter>
    </ClCompile>
    <ClCompile Include="BigBullet.cpp">
      <Filter>Source Files\Entities</Filter>
    </ClCompile>
  </ItemGroup>
  <ItemGroup>
    <ClInclude Include="Coin.h">
      <Filter>Header Files\Stage/Items</Filter>
    </ClInclude>
    <ClInclude Include="Bounce.h">
      <Filter>Header Files\Stage/Items</Filter>
    </ClInclude>
    <ClInclude Include="Bullets.h">
      <Filter>Header Files\Entities</Filter>
    </ClInclude>
    <ClInclude Include="Enemy.h">
      <Filter>Header Files\Entities</Filter>
    </ClInclude>
    <ClInclude Include="Player.h">
      <Filter>Header Files\Entities</Filter>
    </ClInclude>
    <ClInclude Include="Ground.h">
      <Filter>Header Files\Stage/Items</Filter>
    </ClInclude>
    <ClInclude Include="Text.h">
      <Filter>Header Files\Stage/Items</Filter>
    </ClInclude>
    <ClInclude Include="Matrix.h">
      <Filter>Header Files\Tools</Filter>
    </ClInclude>
    <ClInclude Include="FlareMap.h">
      <Filter>Header Files\Tools</Filter>
    </ClInclude>
    <ClInclude Include="SatCollision.h">
      <Filter>Header Files\Tools</Filter>
    </ClInclude>
    <ClInclude Include="ShaderProgram.h">
      <Filter>Header Files\Tools</Filter>
    </ClInclude>
    <ClInclude Include="SheetSprite.h">
      <Filter>Header Files\Tools</Filter>
    </ClInclude>
    <ClInclude Include="Vector3.h">
      <Filter>Header Files\Tools</Filter>
    </ClInclude>
    <ClInclude Include="Background.h">
      <Filter>Header Files\Stage/Items</Filter>
    </ClInclude>
    <ClInclude Include="GameMode.h">
      <Filter>Header Files\State_Machine</Filter>
    </ClInclude>
    <ClInclude Include="LevelOne.h">
      <Filter>Header Files\State_Machine</Filter>
    </ClInclude>
    <ClInclude Include="GameState.h">
      <Filter>Header Files\State_Machine</Filter>
    </ClInclude>
    <ClInclude Include="TitleScreen.h">
      <Filter>Header Files\State_Machine</Filter>
    </ClInclude>
    <ClInclude Include="ParticleEmitter.h">
      <Filter>Header Files\Stage/Items</Filter>
    </ClInclude>
    <ClInclude Include="Particle.h">
      <Filter>Header Files\Stage/Items</Filter>
    </ClInclude>
    <ClInclude Include="Color.h">
      <Filter>Header Files\Tools</Filter>
    </ClInclude>
    <ClInclude Include="PerlinNoise.h">
      <Filter>Header Files\Tools</Filter>
    </ClInclude>
    <ClInclude Include="Game_Over.h">
      <Filter>Header Files\State_Machine</Filter>
    </ClInclude>
    <ClInclude Include="LevelTwo.h">
      <Filter>Header Files\State_Machine</Filter>
    </ClInclude>
    <ClInclude Include="key.h">
      <Filter>Header Files\Stage/Items</Filter>
    </ClInclude>
    <ClInclude Include="Door.h">
      <Filter>Header Files\Stage/Items</Filter>
    </ClInclude>
    <ClInclude Include="LevelThree.h">
      <Filter>Header Files\State_Machine</Filter>
    </ClInclude>
    <ClInclude Include="Boss.h">
      <Filter>Header Files\Entities</Filter>
    </ClInclude>
  </ItemGroup>
  <ItemGroup>
    <None Include="fragment.glsl" />
    <None Include="vertex.glsl" />
    <None Include="fragment_textured.glsl" />
  </ItemGroup>
</Project>